// !$*UTF8*$!
{
	archiveVersion = 1;
	classes = {
	};
	objectVersion = 46;
	objects = {

/* Begin PBXBuildFile section */
		BFE16EA11C83C08C002CEA41 /* AppDelegate.swift in Sources */ = {isa = PBXBuildFile; fileRef = BFE16EA01C83C08C002CEA41 /* AppDelegate.swift */; };
		BFE16EA31C83C08C002CEA41 /* ViewController.swift in Sources */ = {isa = PBXBuildFile; fileRef = BFE16EA21C83C08C002CEA41 /* ViewController.swift */; };
		BFE16EA61C83C08C002CEA41 /* Main.storyboard in Resources */ = {isa = PBXBuildFile; fileRef = BFE16EA41C83C08C002CEA41 /* Main.storyboard */; };
		BFE16EA81C83C08C002CEA41 /* Assets.xcassets in Resources */ = {isa = PBXBuildFile; fileRef = BFE16EA71C83C08C002CEA41 /* Assets.xcassets */; };
		BFE16EAB1C83C08C002CEA41 /* LaunchScreen.storyboard in Resources */ = {isa = PBXBuildFile; fileRef = BFE16EA91C83C08C002CEA41 /* LaunchScreen.storyboard */; };
		BFE16EB41C83C26C002CEA41 /* Post.swift in Sources */ = {isa = PBXBuildFile; fileRef = BFE16EB31C83C26C002CEA41 /* Post.swift */; };
		BFE16EB71C83CECF002CEA41 /* PostCell.swift in Sources */ = {isa = PBXBuildFile; fileRef = BFE16EB61C83CECF002CEA41 /* PostCell.swift */; };
		BFE16EBA1C83E1E3002CEA41 /* AddPostVC.swift in Sources */ = {isa = PBXBuildFile; fileRef = BFE16EB91C83E1E3002CEA41 /* AddPostVC.swift */; };
		BFE16EBD1C8555DA002CEA41 /* DataService.swift in Sources */ = {isa = PBXBuildFile; fileRef = BFE16EBC1C8555DA002CEA41 /* DataService.swift */; };
/* End PBXBuildFile section */

/* Begin PBXFileReference section */
		BFE16E9D1C83C08C002CEA41 /* MyHood.app */ = {isa = PBXFileReference; explicitFileType = wrapper.application; includeInIndex = 0; path = MyHood.app; sourceTree = BUILT_PRODUCTS_DIR; };
		BFE16EA01C83C08C002CEA41 /* AppDelegate.swift */ = {isa = PBXFileReference; lastKnownFileType = sourcecode.swift; path = AppDelegate.swift; sourceTree = "<group>"; };
		BFE16EA21C83C08C002CEA41 /* ViewController.swift */ = {isa = PBXFileReference; lastKnownFileType = sourcecode.swift; path = ViewController.swift; sourceTree = "<group>"; };
		BFE16EA51C83C08C002CEA41 /* Base */ = {isa = PBXFileReference; lastKnownFileType = file.storyboard; name = Base; path = Base.lproj/Main.storyboard; sourceTree = "<group>"; };
		BFE16EA71C83C08C002CEA41 /* Assets.xcassets */ = {isa = PBXFileReference; lastKnownFileType = folder.assetcatalog; path = Assets.xcassets; sourceTree = "<group>"; };
		BFE16EAA1C83C08C002CEA41 /* Base */ = {isa = PBXFileReference; lastKnownFileType = file.storyboard; name = Base; path = Base.lproj/LaunchScreen.storyboard; sourceTree = "<group>"; };
		BFE16EAC1C83C08C002CEA41 /* Info.plist */ = {isa = PBXFileReference; lastKnownFileType = text.plist.xml; path = Info.plist; sourceTree = "<group>"; };
		BFE16EB31C83C26C002CEA41 /* Post.swift */ = {isa = PBXFileReference; fileEncoding = 4; lastKnownFileType = sourcecode.swift; path = Post.swift; sourceTree = "<group>"; };
		BFE16EB61C83CECF002CEA41 /* PostCell.swift */ = {isa = PBXFileReference; fileEncoding = 4; lastKnownFileType = sourcecode.swift; path = PostCell.swift; sourceTree = "<group>"; };
		BFE16EB91C83E1E3002CEA41 /* AddPostVC.swift */ = {isa = PBXFileReference; fileEncoding = 4; lastKnownFileType = sourcecode.swift; path = AddPostVC.swift; sourceTree = "<group>"; };
		BFE16EBC1C8555DA002CEA41 /* DataService.swift */ = {isa = PBXFileReference; fileEncoding = 4; lastKnownFileType = sourcecode.swift; path = DataService.swift; sourceTree = "<group>"; };
/* End PBXFileReference section */

/* Begin PBXFrameworksBuildPhase section */
		BFE16E9A1C83C08C002CEA41 /* Frameworks */ = {
			isa = PBXFrameworksBuildPhase;
			buildActionMask = 2147483647;
			files = (
			);
			runOnlyForDeploymentPostprocessing = 0;
		};
/* End PBXFrameworksBuildPhase section */

/* Begin PBXGroup section */
		BFE16E941C83C08C002CEA41 = {
			isa = PBXGroup;
			children = (
				BFE16E9F1C83C08C002CEA41 /* MyHood */,
				BFE16E9E1C83C08C002CEA41 /* Products */,
			);
			sourceTree = "<group>";
		};
		BFE16E9E1C83C08C002CEA41 /* Products */ = {
			isa = PBXGroup;
			children = (
				BFE16E9D1C83C08C002CEA41 /* MyHood.app */,
			);
			name = Products;
			sourceTree = "<group>";
		};
		BFE16E9F1C83C08C002CEA41 /* MyHood */ = {
			isa = PBXGroup;
			children = (
				BFE16EBB1C8555BF002CEA41 /* Services */,
				BFE16EB21C83C252002CEA41 /* Model */,
				BFE16EB51C83CE94002CEA41 /* View */,
				BFE16EB81C83E18C002CEA41 /* Controller */,
				BFE16EA01C83C08C002CEA41 /* AppDelegate.swift */,
				BFE16EA71C83C08C002CEA41 /* Assets.xcassets */,
				BFE16EAC1C83C08C002CEA41 /* Info.plist */,
			);
			path = MyHood;
			sourceTree = "<group>";
		};
		BFE16EB21C83C252002CEA41 /* Model */ = {
			isa = PBXGroup;
			children = (
				BFE16EB31C83C26C002CEA41 /* Post.swift */,
			);
			name = Model;
			sourceTree = "<group>";
		};
		BFE16EB51C83CE94002CEA41 /* View */ = {
			isa = PBXGroup;
			children = (
				BFE16EA91C83C08C002CEA41 /* LaunchScreen.storyboard */,
				BFE16EA41C83C08C002CEA41 /* Main.storyboard */,
				BFE16EB61C83CECF002CEA41 /* PostCell.swift */,
			);
			name = View;
			sourceTree = "<group>";
		};
		BFE16EB81C83E18C002CEA41 /* Controller */ = {
			isa = PBXGroup;
			children = (
				BFE16EA21C83C08C002CEA41 /* ViewController.swift */,
				BFE16EB91C83E1E3002CEA41 /* AddPostVC.swift */,
			);
			name = Controller;
			sourceTree = "<group>";
		};
		BFE16EBB1C8555BF002CEA41 /* Services */ = {
			isa = PBXGroup;
			children = (
				BFE16EBC1C8555DA002CEA41 /* DataService.swift */,
			);
			name = Services;
			sourceTree = "<group>";
		};
/* End PBXGroup section */

/* Begin PBXNativeTarget section */
		BFE16E9C1C83C08C002CEA41 /* MyHood */ = {
			isa = PBXNativeTarget;
			buildConfigurationList = BFE16EAF1C83C08C002CEA41 /* Build configuration list for PBXNativeTarget "MyHood" */;
			buildPhases = (
				BFE16E991C83C08C002CEA41 /* Sources */,
				BFE16E9A1C83C08C002CEA41 /* Frameworks */,
				BFE16E9B1C83C08C002CEA41 /* Resources */,
			);
			buildRules = (
			);
			dependencies = (
			);
			name = MyHood;
			productName = MyHood;
			productReference = BFE16E9D1C83C08C002CEA41 /* MyHood.app */;
			productType = "com.apple.product-type.application";
		};
/* End PBXNativeTarget section */

/* Begin PBXProject section */
		BFE16E951C83C08C002CEA41 /* Project object */ = {
			isa = PBXProject;
			attributes = {
				LastSwiftUpdateCheck = 0720;
				LastUpgradeCheck = 0720;
				ORGANIZATIONNAME = "Jimmy Brown";
				TargetAttributes = {
					BFE16E9C1C83C08C002CEA41 = {
						CreatedOnToolsVersion = 7.2.1;
						DevelopmentTeam = 22HUHPT9D9;
					};
				};
			};
			buildConfigurationList = BFE16E981C83C08C002CEA41 /* Build configuration list for PBXProject "MyHood" */;
			compatibilityVersion = "Xcode 3.2";
			developmentRegion = English;
			hasScannedForEncodings = 0;
			knownRegions = (
				en,
				Base,
			);
			mainGroup = BFE16E941C83C08C002CEA41;
			productRefGroup = BFE16E9E1C83C08C002CEA41 /* Products */;
			projectDirPath = "";
			projectRoot = "";
			targets = (
				BFE16E9C1C83C08C002CEA41 /* MyHood */,
			);
		};
/* End PBXProject section */

/* Begin PBXResourcesBuildPhase section */
		BFE16E9B1C83C08C002CEA41 /* Resources */ = {
			isa = PBXResourcesBuildPhase;
			buildActionMask = 2147483647;
			files = (
				BFE16EAB1C83C08C002CEA41 /* LaunchScreen.storyboard in Resources */,
				BFE16EA81C83C08C002CEA41 /* Assets.xcassets in Resources */,
				BFE16EA61C83C08C002CEA41 /* Main.storyboard in Resources */,
			);
			runOnlyForDeploymentPostprocessing = 0;
		};
/* End PBXResourcesBuildPhase section */

/* Begin PBXSourcesBuildPhase section */
		BFE16E991C83C08C002CEA41 /* Sources */ = {
			isa = PBXSourcesBuildPhase;
			buildActionMask = 2147483647;
			files = (
				BFE16EB41C83C26C002CEA41 /* Post.swift in Sources */,
				BFE16EA31C83C08C002CEA41 /* ViewController.swift in Sources */,
				BFE16EBA1C83E1E3002CEA41 /* AddPostVC.swift in Sources */,
				BFE16EBD1C8555DA002CEA41 /* DataService.swift in Sources */,
				BFE16EA11C83C08C002CEA41 /* AppDelegate.swift in Sources */,
				BFE16EB71C83CECF002CEA41 /* PostCell.swift in Sources */,
			);
			runOnlyForDeploymentPostprocessing = 0;
		};
/* End PBXSourcesBuildPhase section */

/* Begin PBXVariantGroup section */
		BFE16EA41C83C08C002CEA41 /* Main.storyboard */ = {
			isa = PBXVariantGroup;
			children = (
				BFE16EA51C83C08C002CEA41 /* Base */,
			);
			name = Main.storyboard;
			sourceTree = "<group>";
		};
		BFE16EA91C83C08C002CEA41 /* LaunchScreen.storyboard */ = {
			isa = PBXVariantGroup;
			children = (
				BFE16EAA1C83C08C002CEA41 /* Base */,
			);
			name = LaunchScreen.storyboard;
			sourceTree = "<group>";
		};
/* End PBXVariantGroup section */

/* Begin XCBuildConfiguration section */
		BFE16EAD1C83C08C002CEA41 /* Debug */ = {
			isa = XCBuildConfiguration;
			buildSettings = {
				ALWAYS_SEARCH_USER_PATHS = NO;
				CLANG_CXX_LANGUAGE_STANDARD = "gnu++0x";
				CLANG_CXX_LIBRARY = "libc++";
				CLANG_ENABLE_MODULES = YES;
				CLANG_ENABLE_OBJC_ARC = YES;
				CLANG_WARN_BOOL_CONVERSION = YES;
				CLANG_WARN_CONSTANT_CONVERSION = YES;
				CLANG_WARN_DIRECT_OBJC_ISA_USAGE = YES_ERROR;
				CLANG_WARN_EMPTY_BODY = YES;
				CLANG_WARN_ENUM_CONVERSION = YES;
				CLANG_WARN_INT_CONVERSION = YES;
				CLANG_WARN_OBJC_ROOT_CLASS = YES_ERROR;
				CLANG_WARN_UNREACHABLE_CODE = YES;
				CLANG_WARN__DUPLICATE_METHOD_MATCH = YES;
				"CODE_SIGN_IDENTITY[sdk=iphoneos*]" = "iPhone Developer";
				COPY_PHASE_STRIP = NO;
				DEBUG_INFORMATION_FORMAT = dwarf;
				ENABLE_STRICT_OBJC_MSGSEND = YES;
				ENABLE_TESTABILITY = YES;
				GCC_C_LANGUAGE_STANDARD = gnu99;
				GCC_DYNAMIC_NO_PIC = NO;
				GCC_NO_COMMON_BLOCKS = YES;
				GCC_OPTIMIZATION_LEVEL = 0;
				GCC_PREPROCESSOR_DEFINITIONS = (
					"DEBUG=1",
					"$(inherited)",
				);
				GCC_WARN_64_TO_32_BIT_CONVERSION = YES;
				GCC_WARN_ABOUT_RETURN_TYPE = YES_ERROR;
				GCC_WARN_UNDECLARED_SELECTOR = YES;
				GCC_WARN_UNINITIALIZED_AUTOS = YES_AGGRESSIVE;
				GCC_WARN_UNUSED_FUNCTION = YES;
				GCC_WARN_UNUSED_VARIABLE = YES;
				IPHONEOS_DEPLOYMENT_TARGET = 9.2;
				MTL_ENABLE_DEBUG_INFO = YES;
				ONLY_ACTIVE_ARCH = YES;
				SDKROOT = iphoneos;
				SWIFT_OPTIMIZATION_LEVEL = "-Onone";
				TARGETED_DEVICE_FAMILY = "1,2";
			};
			name = Debug;
		};
		BFE16EAE1C83C08C002CEA41 /* Release */ = {
			isa = XCBuildConfiguration;
			buildSettings = {
				ALWAYS_SEARCH_USER_PATHS = NO;
				CLANG_CXX_LANGUAGE_STANDARD = "gnu++0x";
				CLANG_CXX_LIBRARY = "libc++";
				CLANG_ENABLE_MODULES = YES;
				CLANG_ENABLE_OBJC_ARC = YES;
				CLANG_WARN_BOOL_CONVERSION = YES;
				CLANG_WARN_CONSTANT_CONVERSION = YES;
				CLANG_WARN_DIRECT_OBJC_ISA_USAGE = YES_ERROR;
				CLANG_WARN_EMPTY_BODY = YES;
				CLANG_WARN_ENUM_CONVERSION = YES;
				CLANG_WARN_INT_CONVERSION = YES;
				CLANG_WARN_OBJC_ROOT_CLASS = YES_ERROR;
				CLANG_WARN_UNREACHABLE_CODE = YES;
				CLANG_WARN__DUPLICATE_METHOD_MATCH = YES;
				"CODE_SIGN_IDENTITY[sdk=iphoneos*]" = "iPhone Developer";
				COPY_PHASE_STRIP = NO;
				DEBUG_INFORMATION_FORMAT = "dwarf-with-dsym";
				ENABLE_NS_ASSERTIONS = NO;
				ENABLE_STRICT_OBJC_MSGSEND = YES;
				GCC_C_LANGUAGE_STANDARD = gnu99;
				GCC_NO_COMMON_BLOCKS = YES;
				GCC_WARN_64_TO_32_BIT_CONVERSION = YES;
				GCC_WARN_ABOUT_RETURN_TYPE = YES_ERROR;
				GCC_WARN_UNDECLARED_SELECTOR = YES;
				GCC_WARN_UNINITIALIZED_AUTOS = YES_AGGRESSIVE;
				GCC_WARN_UNUSED_FUNCTION = YES;
				GCC_WARN_UNUSED_VARIABLE = YES;
				IPHONEOS_DEPLOYMENT_TARGET = 9.2;
				MTL_ENABLE_DEBUG_INFO = NO;
				SDKROOT = iphoneos;
				TARGETED_DEVICE_FAMILY = "1,2";
				VALIDATE_PRODUCT = YES;
			};
			name = Release;
		};
		BFE16EB01C83C08C002CEA41 /* Debug */ = {
			isa = XCBuildConfiguration;
			buildSettings = {
				ASSETCATALOG_COMPILER_APPICON_NAME = AppIcon;
				INFOPLIST_FILE = MyHood/Info.plist;
				LD_RUNPATH_SEARCH_PATHS = "$(inherited) @executable_path/Frameworks";
				PRODUCT_BUNDLE_IDENTIFIER = tech.jimmy.MyHood;
				PRODUCT_NAME = "$(TARGET_NAME)";
			};
			name = Debug;
		};
		BFE16EB11C83C08C002CEA41 /* Release */ = {
			isa = XCBuildConfiguration;
			buildSettings = {
				ASSETCATALOG_COMPILER_APPICON_NAME = AppIcon;
				INFOPLIST_FILE = MyHood/Info.plist;
				LD_RUNPATH_SEARCH_PATHS = "$(inherited) @executable_path/Frameworks";
				PRODUCT_BUNDLE_IDENTIFIER = tech.jimmy.MyHood;
				PRODUCT_NAME = "$(TARGET_NAME)";
			};
			name = Release;
		};
/* End XCBuildConfiguration section */

/* Begin XCConfigurationList section */
		BFE16E981C83C08C002CEA41 /* Build configuration list for PBXProject "MyHood" */ = {
			isa = XCConfigurationList;
			buildConfigurations = (
				BFE16EAD1C83C08C002CEA41 /* Debug */,
				BFE16EAE1C83C08C002CEA41 /* Release */,
			);
			defaultConfigurationIsVisible = 0;
			defaultConfigurationName = Release;
		};
		BFE16EAF1C83C08C002CEA41 /* Build configuration list for PBXNativeTarget "MyHood" */ = {
			isa = XCConfigurationList;
			buildConfigurations = (
				BFE16EB01C83C08C002CEA41 /* Debug */,
				BFE16EB11C83C08C002CEA41 /* Release */,
			);
			defaultConfigurationIsVisible = 0;
		};
/* End XCConfigurationList section */
	};
	rootObject = BFE16E951C83C08C002CEA41 /* Project object */;
}
